
Microsoft Visual Studio Solution File, Format Version 12.00
# Visual Studio Version 17
VisualStudioVersion = 17.14.36203.30 d17.14
MinimumVisualStudioVersion = 10.0.40219.1
Project("{FAE04EC0-301F-11D3-BF4B-00C04F79EFBC}") = "EmployeeAdminPortal", "EmployeeAdminPortal\EmployeeAdminPortal.csproj", "{D9FF16E2-0605-48FE-A22A-C86C0B507327}"
EndProject
Global
	GlobalSection(SolutionConfigurationPlatforms) = preSolution
		Debug|Any CPU = Debug|Any CPU
		Release|Any CPU = Release|Any CPU
	EndGlobalSection
	GlobalSection(ProjectConfigurationPlatforms) = postSolution
		{D9FF16E2-0605-48FE-A22A-C86C0B507327}.Debug|Any CPU.ActiveCfg = Debug|Any CPU
		{D9FF16E2-0605-48FE-A22A-C86C0B507327}.Debug|Any CPU.Build.0 = Debug|Any CPU
		{D9FF16E2-0605-48FE-A22A-C86C0B507327}.Release|Any CPU.ActiveCfg = Release|Any CPU
		{D9FF16E2-0605-48FE-A22A-C86C0B507327}.Release|Any CPU.Build.0 = Release|Any CPU
	EndGlobalSection
	GlobalSection(SolutionProperties) = preSolution
		HideSolutionNode = FALSE
	EndGlobalSection
	GlobalSection(ExtensibilityGlobals) = postSolution
		SolutionGuid = {10D03758-0373-4C18-9EE4-DB603E921502}
	EndGlobalSection
EndGlobal
